PODS:
  - AudioKit/Core (4.6.1)
  - SwiftyWave (1.1.0)

DEPENDENCIES:
  - AudioKit/Core
  - SwiftyWave (~> 1.1.0)

SPEC REPOS:
  https://github.com/cocoapods/specs.git:
    - AudioKit
    - SwiftyWave

SPEC CHECKSUMS:
  AudioKit: 76f8f5dbed135967b91b6cc6aa970e3d30226134
  SwiftyWave: 848e6d774d45c82574757d9f991735380628c36d

PODFILE CHECKSUM: 1f81a7e8698702d7bcca41570bbefd9446a6046f

COCOAPODS: 1.6.0.beta.2
