// !$*UTF8*$!
{
	archiveVersion = 1;
	classes = {
	};
	objectVersion = 50;
	objects = {

/* Begin PBXBuildFile section */
		02B42D57223AE28100E626AE /* AppDelegate.swift in Sources */ = {isa = PBXBuildFile; fileRef = 02B42D56223AE28100E626AE /* AppDelegate.swift */; };
		02B42D59223AE28100E626AE /* DrumController.swift in Sources */ = {isa = PBXBuildFile; fileRef = 02B42D58223AE28100E626AE /* DrumController.swift */; };
		02B42D5C223AE28100E626AE /* Main.storyboard in Resources */ = {isa = PBXBuildFile; fileRef = 02B42D5A223AE28100E626AE /* Main.storyboard */; };
		02B42D5E223AE28100E626AE /* Assets.xcassets in Resources */ = {isa = PBXBuildFile; fileRef = 02B42D5D223AE28100E626AE /* Assets.xcassets */; };
		02B42D61223AE28100E626AE /* LaunchScreen.storyboard in Resources */ = {isa = PBXBuildFile; fileRef = 02B42D5F223AE28100E626AE /* LaunchScreen.storyboard */; };
		02B42D6A223AE3C600E626AE /* App Button Icons in Resources */ = {isa = PBXBuildFile; fileRef = 02B42D68223AE3C600E626AE /* App Button Icons */; };
		02B42D6B223AE3C600E626AE /* Sound Bank in Resources */ = {isa = PBXBuildFile; fileRef = 02B42D69223AE3C600E626AE /* Sound Bank */; };
		02B42D6D223AE3F800E626AE /* DrumButton.swift in Sources */ = {isa = PBXBuildFile; fileRef = 02B42D6C223AE3F800E626AE /* DrumButton.swift */; };
		02B42D6F223AE42300E626AE /* TopButtons.swift in Sources */ = {isa = PBXBuildFile; fileRef = 02B42D6E223AE42300E626AE /* TopButtons.swift */; };
		02E7E8282249572300A30F32 /* SettingsShareButtons.swift in Sources */ = {isa = PBXBuildFile; fileRef = 02E7E8272249572300A30F32 /* SettingsShareButtons.swift */; };
		02E8C3AB2247E40D008489AA /* RecordPlaybackHandler.swift in Sources */ = {isa = PBXBuildFile; fileRef = 02E8C3AA2247E40D008489AA /* RecordPlaybackHandler.swift */; };
		02E8C3AF2248494F008489AA /* DrumHandler.swift in Sources */ = {isa = PBXBuildFile; fileRef = 02E8C3AE2248494F008489AA /* DrumHandler.swift */; };
		02E8C3B122484D80008489AA /* SettingsViewController.swift in Sources */ = {isa = PBXBuildFile; fileRef = 02E8C3B022484D80008489AA /* SettingsViewController.swift */; };
		6E2AAA77211EBF3546CB50EE /* Pods_LoBeat.framework in Frameworks */ = {isa = PBXBuildFile; fileRef = D2481C24861A66CB1CA52E3C /* Pods_LoBeat.framework */; };
/* End PBXBuildFile section */

/* Begin PBXFileReference section */
		02B42D53223AE28100E626AE /* LoBeat.app */ = {isa = PBXFileReference; explicitFileType = wrapper.application; includeInIndex = 0; path = LoBeat.app; sourceTree = BUILT_PRODUCTS_DIR; };
		02B42D56223AE28100E626AE /* AppDelegate.swift */ = {isa = PBXFileReference; lastKnownFileType = sourcecode.swift; path = AppDelegate.swift; sourceTree = "<group>"; };
		02B42D58223AE28100E626AE /* DrumController.swift */ = {isa = PBXFileReference; lastKnownFileType = sourcecode.swift; path = DrumController.swift; sourceTree = "<group>"; };
		02B42D5B223AE28100E626AE /* Base */ = {isa = PBXFileReference; lastKnownFileType = file.storyboard; name = Base; path = Base.lproj/Main.storyboard; sourceTree = "<group>"; };
		02B42D5D223AE28100E626AE /* Assets.xcassets */ = {isa = PBXFileReference; lastKnownFileType = folder.assetcatalog; path = Assets.xcassets; sourceTree = "<group>"; };
		02B42D60223AE28100E626AE /* Base */ = {isa = PBXFileReference; lastKnownFileType = file.storyboard; name = Base; path = Base.lproj/LaunchScreen.storyboard; sourceTree = "<group>"; };
		02B42D62223AE28100E626AE /* Info.plist */ = {isa = PBXFileReference; lastKnownFileType = text.plist.xml; path = Info.plist; sourceTree = "<group>"; };
		02B42D68223AE3C600E626AE /* App Button Icons */ = {isa = PBXFileReference; lastKnownFileType = folder; path = "App Button Icons"; sourceTree = "<group>"; };
		02B42D69223AE3C600E626AE /* Sound Bank */ = {isa = PBXFileReference; lastKnownFileType = folder; path = "Sound Bank"; sourceTree = "<group>"; };
		02B42D6C223AE3F800E626AE /* DrumButton.swift */ = {isa = PBXFileReference; lastKnownFileType = sourcecode.swift; path = DrumButton.swift; sourceTree = "<group>"; };
		02B42D6E223AE42300E626AE /* TopButtons.swift */ = {isa = PBXFileReference; lastKnownFileType = sourcecode.swift; path = TopButtons.swift; sourceTree = "<group>"; };
		02E7E8272249572300A30F32 /* SettingsShareButtons.swift */ = {isa = PBXFileReference; lastKnownFileType = sourcecode.swift; path = SettingsShareButtons.swift; sourceTree = "<group>"; };
		02E8C3AA2247E40D008489AA /* RecordPlaybackHandler.swift */ = {isa = PBXFileReference; lastKnownFileType = sourcecode.swift; path = RecordPlaybackHandler.swift; sourceTree = "<group>"; };
		02E8C3AE2248494F008489AA /* DrumHandler.swift */ = {isa = PBXFileReference; lastKnownFileType = sourcecode.swift; path = DrumHandler.swift; sourceTree = "<group>"; };
		02E8C3B022484D80008489AA /* SettingsViewController.swift */ = {isa = PBXFileReference; lastKnownFileType = sourcecode.swift; path = SettingsViewController.swift; sourceTree = "<group>"; };
		30EDC5BBF985A5B6C9ED67B7 /* Pods-LoBeat.release.xcconfig */ = {isa = PBXFileReference; includeInIndex = 1; lastKnownFileType = text.xcconfig; name = "Pods-LoBeat.release.xcconfig"; path = "Target Support Files/Pods-LoBeat/Pods-LoBeat.release.xcconfig"; sourceTree = "<group>"; };
		3ACB432BFA000586ABA9B601 /* Pods-LoBeat.debug.xcconfig */ = {isa = PBXFileReference; includeInIndex = 1; lastKnownFileType = text.xcconfig; name = "Pods-LoBeat.debug.xcconfig"; path = "Target Support Files/Pods-LoBeat/Pods-LoBeat.debug.xcconfig"; sourceTree = "<group>"; };
		D2481C24861A66CB1CA52E3C /* Pods_LoBeat.framework */ = {isa = PBXFileReference; explicitFileType = wrapper.framework; includeInIndex = 0; path = Pods_LoBeat.framework; sourceTree = BUILT_PRODUCTS_DIR; };
/* End PBXFileReference section */

/* Begin PBXFrameworksBuildPhase section */
		02B42D50223AE28100E626AE /* Frameworks */ = {
			isa = PBXFrameworksBuildPhase;
			buildActionMask = 2147483647;
			files = (
				6E2AAA77211EBF3546CB50EE /* Pods_LoBeat.framework in Frameworks */,
			);
			runOnlyForDeploymentPostprocessing = 0;
		};
/* End PBXFrameworksBuildPhase section */

/* Begin PBXGroup section */
		02B42D4A223AE28100E626AE = {
			isa = PBXGroup;
			children = (
				02B42D55223AE28100E626AE /* LoBeat */,
				02B42D54223AE28100E626AE /* Products */,
				DFF878482760F25A255F5E6E /* Pods */,
				98CD163E59094A79B442AFC3 /* Frameworks */,
			);
			sourceTree = "<group>";
		};
		02B42D54223AE28100E626AE /* Products */ = {
			isa = PBXGroup;
			children = (
				02B42D53223AE28100E626AE /* LoBeat.app */,
			);
			name = Products;
			sourceTree = "<group>";
		};
		02B42D55223AE28100E626AE /* LoBeat */ = {
			isa = PBXGroup;
			children = (
				02E7E82922495A6B00A30F32 /* View Controllers */,
				02E8C3AD224848D5008489AA /* Drum Handlers */,
				02E8C3AC22484895008489AA /* Drum View */,
				02B42D68223AE3C600E626AE /* App Button Icons */,
				02B42D69223AE3C600E626AE /* Sound Bank */,
				02B42D56223AE28100E626AE /* AppDelegate.swift */,
				02B42D5A223AE28100E626AE /* Main.storyboard */,
				02B42D5D223AE28100E626AE /* Assets.xcassets */,
				02B42D5F223AE28100E626AE /* LaunchScreen.storyboard */,
				02B42D62223AE28100E626AE /* Info.plist */,
			);
			path = LoBeat;
			sourceTree = "<group>";
		};
		02E7E82922495A6B00A30F32 /* View Controllers */ = {
			isa = PBXGroup;
			children = (
				02E8C3B022484D80008489AA /* SettingsViewController.swift */,
				02B42D58223AE28100E626AE /* DrumController.swift */,
			);
			path = "View Controllers";
			sourceTree = "<group>";
		};
		02E8C3AC22484895008489AA /* Drum View */ = {
			isa = PBXGroup;
			children = (
				02B42D6C223AE3F800E626AE /* DrumButton.swift */,
				02B42D6E223AE42300E626AE /* TopButtons.swift */,
				02E7E8272249572300A30F32 /* SettingsShareButtons.swift */,
			);
			path = "Drum View";
			sourceTree = "<group>";
		};
		02E8C3AD224848D5008489AA /* Drum Handlers */ = {
			isa = PBXGroup;
			children = (
				02E8C3AA2247E40D008489AA /* RecordPlaybackHandler.swift */,
				02E8C3AE2248494F008489AA /* DrumHandler.swift */,
			);
			path = "Drum Handlers";
			sourceTree = "<group>";
		};
		98CD163E59094A79B442AFC3 /* Frameworks */ = {
			isa = PBXGroup;
			children = (
				D2481C24861A66CB1CA52E3C /* Pods_LoBeat.framework */,
			);
			name = Frameworks;
			sourceTree = "<group>";
		};
		DFF878482760F25A255F5E6E /* Pods */ = {
			isa = PBXGroup;
			children = (
				3ACB432BFA000586ABA9B601 /* Pods-LoBeat.debug.xcconfig */,
				30EDC5BBF985A5B6C9ED67B7 /* Pods-LoBeat.release.xcconfig */,
			);
			path = Pods;
			sourceTree = "<group>";
		};
/* End PBXGroup section */

/* Begin PBXNativeTarget section */
		02B42D52223AE28100E626AE /* LoBeat */ = {
			isa = PBXNativeTarget;
			buildConfigurationList = 02B42D65223AE28100E626AE /* Build configuration list for PBXNativeTarget "LoBeat" */;
			buildPhases = (
				D29CFC143E103AF3B1480976 /* [CP] Check Pods Manifest.lock */,
				02B42D4F223AE28100E626AE /* Sources */,
				02B42D50223AE28100E626AE /* Frameworks */,
				02B42D51223AE28100E626AE /* Resources */,
				BCD267803D95D7DAB2729BDC /* [CP] Embed Pods Frameworks */,
			);
			buildRules = (
			);
			dependencies = (
			);
			name = LoBeat;
			productName = LoBeat;
			productReference = 02B42D53223AE28100E626AE /* LoBeat.app */;
			productType = "com.apple.product-type.application";
		};
/* End PBXNativeTarget section */

/* Begin PBXProject section */
		02B42D4B223AE28100E626AE /* Project object */ = {
			isa = PBXProject;
			attributes = {
				LastSwiftUpdateCheck = 1010;
				LastUpgradeCheck = 1010;
				ORGANIZATIONNAME = "Caweh Passereh";
				TargetAttributes = {
					02B42D52223AE28100E626AE = {
						CreatedOnToolsVersion = 10.1;
					};
				};
			};
			buildConfigurationList = 02B42D4E223AE28100E626AE /* Build configuration list for PBXProject "LoBeat" */;
			compatibilityVersion = "Xcode 9.3";
			developmentRegion = en;
			hasScannedForEncodings = 0;
			knownRegions = (
				en,
				Base,
			);
			mainGroup = 02B42D4A223AE28100E626AE;
			productRefGroup = 02B42D54223AE28100E626AE /* Products */;
			projectDirPath = "";
			projectRoot = "";
			targets = (
				02B42D52223AE28100E626AE /* LoBeat */,
			);
		};
/* End PBXProject section */

/* Begin PBXResourcesBuildPhase section */
		02B42D51223AE28100E626AE /* Resources */ = {
			isa = PBXResourcesBuildPhase;
			buildActionMask = 2147483647;
			files = (
				02B42D61223AE28100E626AE /* LaunchScreen.storyboard in Resources */,
				02B42D6A223AE3C600E626AE /* App Button Icons in Resources */,
				02B42D5E223AE28100E626AE /* Assets.xcassets in Resources */,
				02B42D6B223AE3C600E626AE /* Sound Bank in Resources */,
				02B42D5C223AE28100E626AE /* Main.storyboard in Resources */,
			);
			runOnlyForDeploymentPostprocessing = 0;
		};
/* End PBXResourcesBuildPhase section */

/* Begin PBXShellScriptBuildPhase section */
		BCD267803D95D7DAB2729BDC /* [CP] Embed Pods Frameworks */ = {
			isa = PBXShellScriptBuildPhase;
			buildActionMask = 2147483647;
			files = (
			);
			inputFileListPaths = (
			);
			inputPaths = (
				"${PODS_ROOT}/Target Support Files/Pods-LoBeat/Pods-LoBeat-frameworks.sh",
				"${BUILT_PRODUCTS_DIR}/SwiftyWave/SwiftyWave.framework",
			);
			name = "[CP] Embed Pods Frameworks";
			outputFileListPaths = (
			);
			outputPaths = (
				"${TARGET_BUILD_DIR}/${FRAMEWORKS_FOLDER_PATH}/SwiftyWave.framework",
			);
			runOnlyForDeploymentPostprocessing = 0;
			shellPath = /bin/sh;
			shellScript = "\"${PODS_ROOT}/Target Support Files/Pods-LoBeat/Pods-LoBeat-frameworks.sh\"\n";
			showEnvVarsInLog = 0;
		};
		D29CFC143E103AF3B1480976 /* [CP] Check Pods Manifest.lock */ = {
			isa = PBXShellScriptBuildPhase;
			buildActionMask = 2147483647;
			files = (
			);
			inputFileListPaths = (
			);
			inputPaths = (
				"${PODS_PODFILE_DIR_PATH}/Podfile.lock",
				"${PODS_ROOT}/Manifest.lock",
			);
			name = "[CP] Check Pods Manifest.lock";
			outputFileListPaths = (
			);
			outputPaths = (
				"$(DERIVED_FILE_DIR)/Pods-LoBeat-checkManifestLockResult.txt",
			);
			runOnlyForDeploymentPostprocessing = 0;
			shellPath = /bin/sh;
			shellScript = "diff \"${PODS_PODFILE_DIR_PATH}/Podfile.lock\" \"${PODS_ROOT}/Manifest.lock\" > /dev/null\nif [ $? != 0 ] ; then\n    # print error to STDERR\n    echo \"error: The sandbox is not in sync with the Podfile.lock. Run 'pod install' or update your CocoaPods installation.\" >&2\n    exit 1\nfi\n# This output is used by Xcode 'outputs' to avoid re-running this script phase.\necho \"SUCCESS\" > \"${SCRIPT_OUTPUT_FILE_0}\"\n";
			showEnvVarsInLog = 0;
		};
/* End PBXShellScriptBuildPhase section */

/* Begin PBXSourcesBuildPhase section */
		02B42D4F223AE28100E626AE /* Sources */ = {
			isa = PBXSourcesBuildPhase;
			buildActionMask = 2147483647;
			files = (
				02E7E8282249572300A30F32 /* SettingsShareButtons.swift in Sources */,
				02E8C3AF2248494F008489AA /* DrumHandler.swift in Sources */,
				02B42D59223AE28100E626AE /* DrumController.swift in Sources */,
				02E8C3B122484D80008489AA /* SettingsViewController.swift in Sources */,
				02B42D6F223AE42300E626AE /* TopButtons.swift in Sources */,
				02B42D57223AE28100E626AE /* AppDelegate.swift in Sources */,
				02E8C3AB2247E40D008489AA /* RecordPlaybackHandler.swift in Sources */,
				02B42D6D223AE3F800E626AE /* DrumButton.swift in Sources */,
			);
			runOnlyForDeploymentPostprocessing = 0;
		};
/* End PBXSourcesBuildPhase section */

/* Begin PBXVariantGroup section */
		02B42D5A223AE28100E626AE /* Main.storyboard */ = {
			isa = PBXVariantGroup;
			children = (
				02B42D5B223AE28100E626AE /* Base */,
			);
			name = Main.storyboard;
			sourceTree = "<group>";
		};
		02B42D5F223AE28100E626AE /* LaunchScreen.storyboard */ = {
			isa = PBXVariantGroup;
			children = (
				02B42D60223AE28100E626AE /* Base */,
			);
			name = LaunchScreen.storyboard;
			sourceTree = "<group>";
		};
/* End PBXVariantGroup section */

/* Begin XCBuildConfiguration section */
		02B42D63223AE28100E626AE /* Debug */ = {
			isa = XCBuildConfiguration;
			buildSettings = {
				ALWAYS_SEARCH_USER_PATHS = NO;
				CLANG_ANALYZER_NONNULL = YES;
				CLANG_ANALYZER_NUMBER_OBJECT_CONVERSION = YES_AGGRESSIVE;
				CLANG_CXX_LANGUAGE_STANDARD = "gnu++14";
				CLANG_CXX_LIBRARY = "libc++";
				CLANG_ENABLE_MODULES = YES;
				CLANG_ENABLE_OBJC_ARC = YES;
				CLANG_ENABLE_OBJC_WEAK = YES;
				CLANG_WARN_BLOCK_CAPTURE_AUTORELEASING = YES;
				CLANG_WARN_BOOL_CONVERSION = YES;
				CLANG_WARN_COMMA = YES;
				CLANG_WARN_CONSTANT_CONVERSION = YES;
				CLANG_WARN_DEPRECATED_OBJC_IMPLEMENTATIONS = YES;
				CLANG_WARN_DIRECT_OBJC_ISA_USAGE = YES_ERROR;
				CLANG_WARN_DOCUMENTATION_COMMENTS = YES;
				CLANG_WARN_EMPTY_BODY = YES;
				CLANG_WARN_ENUM_CONVERSION = YES;
				CLANG_WARN_INFINITE_RECURSION = YES;
				CLANG_WARN_INT_CONVERSION = YES;
				CLANG_WARN_NON_LITERAL_NULL_CONVERSION = YES;
				CLANG_WARN_OBJC_IMPLICIT_RETAIN_SELF = YES;
				CLANG_WARN_OBJC_LITERAL_CONVERSION = YES;
				CLANG_WARN_OBJC_ROOT_CLASS = YES_ERROR;
				CLANG_WARN_RANGE_LOOP_ANALYSIS = YES;
				CLANG_WARN_STRICT_PROTOTYPES = YES;
				CLANG_WARN_SUSPICIOUS_MOVE = YES;
				CLANG_WARN_UNGUARDED_AVAILABILITY = YES_AGGRESSIVE;
				CLANG_WARN_UNREACHABLE_CODE = YES;
				CLANG_WARN__DUPLICATE_METHOD_MATCH = YES;
				CODE_SIGN_IDENTITY = "iPhone Developer";
				COPY_PHASE_STRIP = NO;
				DEBUG_INFORMATION_FORMAT = dwarf;
				ENABLE_STRICT_OBJC_MSGSEND = YES;
				ENABLE_TESTABILITY = YES;
				GCC_C_LANGUAGE_STANDARD = gnu11;
				GCC_DYNAMIC_NO_PIC = NO;
				GCC_NO_COMMON_BLOCKS = YES;
				GCC_OPTIMIZATION_LEVEL = 0;
				GCC_PREPROCESSOR_DEFINITIONS = (
					"DEBUG=1",
					"$(inherited)",
				);
				GCC_WARN_64_TO_32_BIT_CONVERSION = YES;
				GCC_WARN_ABOUT_RETURN_TYPE = YES_ERROR;
				GCC_WARN_UNDECLARED_SELECTOR = YES;
				GCC_WARN_UNINITIALIZED_AUTOS = YES_AGGRESSIVE;
				GCC_WARN_UNUSED_FUNCTION = YES;
				GCC_WARN_UNUSED_VARIABLE = YES;
				IPHONEOS_DEPLOYMENT_TARGET = 12.1;
				MTL_ENABLE_DEBUG_INFO = INCLUDE_SOURCE;
				MTL_FAST_MATH = YES;
				ONLY_ACTIVE_ARCH = YES;
				SDKROOT = iphoneos;
				SWIFT_ACTIVE_COMPILATION_CONDITIONS = DEBUG;
				SWIFT_OPTIMIZATION_LEVEL = "-Onone";
			};
			name = Debug;
		};
		02B42D64223AE28100E626AE /* Release */ = {
			isa = XCBuildConfiguration;
			buildSettings = {
				ALWAYS_SEARCH_USER_PATHS = NO;
				CLANG_ANALYZER_NONNULL = YES;
				CLANG_ANALYZER_NUMBER_OBJECT_CONVERSION = YES_AGGRESSIVE;
				CLANG_CXX_LANGUAGE_STANDARD = "gnu++14";
				CLANG_CXX_LIBRARY = "libc++";
				CLANG_ENABLE_MODULES = YES;
				CLANG_ENABLE_OBJC_ARC = YES;
				CLANG_ENABLE_OBJC_WEAK = YES;
				CLANG_WARN_BLOCK_CAPTURE_AUTORELEASING = YES;
				CLANG_WARN_BOOL_CONVERSION = YES;
				CLANG_WARN_COMMA = YES;
				CLANG_WARN_CONSTANT_CONVERSION = YES;
				CLANG_WARN_DEPRECATED_OBJC_IMPLEMENTATIONS = YES;
				CLANG_WARN_DIRECT_OBJC_ISA_USAGE = YES_ERROR;
				CLANG_WARN_DOCUMENTATION_COMMENTS = YES;
				CLANG_WARN_EMPTY_BODY = YES;
				CLANG_WARN_ENUM_CONVERSION = YES;
				CLANG_WARN_INFINITE_RECURSION = YES;
				CLANG_WARN_INT_CONVERSION = YES;
				CLANG_WARN_NON_LITERAL_NULL_CONVERSION = YES;
				CLANG_WARN_OBJC_IMPLICIT_RETAIN_SELF = YES;
				CLANG_WARN_OBJC_LITERAL_CONVERSION = YES;
				CLANG_WARN_OBJC_ROOT_CLASS = YES_ERROR;
				CLANG_WARN_RANGE_LOOP_ANALYSIS = YES;
				CLANG_WARN_STRICT_PROTOTYPES = YES;
				CLANG_WARN_SUSPICIOUS_MOVE = YES;
				CLANG_WARN_UNGUARDED_AVAILABILITY = YES_AGGRESSIVE;
				CLANG_WARN_UNREACHABLE_CODE = YES;
				CLANG_WARN__DUPLICATE_METHOD_MATCH = YES;
				CODE_SIGN_IDENTITY = "iPhone Developer";
				COPY_PHASE_STRIP = NO;
				DEBUG_INFORMATION_FORMAT = "dwarf-with-dsym";
				ENABLE_NS_ASSERTIONS = NO;
				ENABLE_STRICT_OBJC_MSGSEND = YES;
				GCC_C_LANGUAGE_STANDARD = gnu11;
				GCC_NO_COMMON_BLOCKS = YES;
				GCC_WARN_64_TO_32_BIT_CONVERSION = YES;
				GCC_WARN_ABOUT_RETURN_TYPE = YES_ERROR;
				GCC_WARN_UNDECLARED_SELECTOR = YES;
				GCC_WARN_UNINITIALIZED_AUTOS = YES_AGGRESSIVE;
				GCC_WARN_UNUSED_FUNCTION = YES;
				GCC_WARN_UNUSED_VARIABLE = YES;
				IPHONEOS_DEPLOYMENT_TARGET = 12.1;
				MTL_ENABLE_DEBUG_INFO = NO;
				MTL_FAST_MATH = YES;
				SDKROOT = iphoneos;
				SWIFT_COMPILATION_MODE = wholemodule;
				SWIFT_OPTIMIZATION_LEVEL = "-O";
				VALIDATE_PRODUCT = YES;
			};
			name = Release;
		};
		02B42D66223AE28100E626AE /* Debug */ = {
			isa = XCBuildConfiguration;
			baseConfigurationReference = 3ACB432BFA000586ABA9B601 /* Pods-LoBeat.debug.xcconfig */;
			buildSettings = {
				ASSETCATALOG_COMPILER_APPICON_NAME = AppIcon;
				CODE_SIGN_IDENTITY = "iPhone Developer";
				CODE_SIGN_STYLE = Automatic;
				DEVELOPMENT_TEAM = 99PBRLR68Q;
				INFOPLIST_FILE = LoBeat/Info.plist;
				LD_RUNPATH_SEARCH_PATHS = (
					"$(inherited)",
					"@executable_path/Frameworks",
				);
				PRODUCT_BUNDLE_IDENTIFIER = com.cawehpassereh.LoBeat;
				PRODUCT_NAME = "$(TARGET_NAME)";
				PROVISIONING_PROFILE_SPECIFIER = "";
				SWIFT_VERSION = 4.2;
				TARGETED_DEVICE_FAMILY = "1,2";
			};
			name = Debug;
		};
		02B42D67223AE28100E626AE /* Release */ = {
			isa = XCBuildConfiguration;
			baseConfigurationReference = 30EDC5BBF985A5B6C9ED67B7 /* Pods-LoBeat.release.xcconfig */;
			buildSettings = {
				ASSETCATALOG_COMPILER_APPICON_NAME = AppIcon;
				CODE_SIGN_IDENTITY = "iPhone Developer";
				CODE_SIGN_STYLE = Automatic;
				DEVELOPMENT_TEAM = 99PBRLR68Q;
				INFOPLIST_FILE = LoBeat/Info.plist;
				LD_RUNPATH_SEARCH_PATHS = (
					"$(inherited)",
					"@executable_path/Frameworks",
				);
				PRODUCT_BUNDLE_IDENTIFIER = com.cawehpassereh.LoBeat;
				PRODUCT_NAME = "$(TARGET_NAME)";
				PROVISIONING_PROFILE_SPECIFIER = "";
				SWIFT_VERSION = 4.2;
				TARGETED_DEVICE_FAMILY = "1,2";
			};
			name = Release;
		};
/* End XCBuildConfiguration section */

/* Begin XCConfigurationList section */
		02B42D4E223AE28100E626AE /* Build configuration list for PBXProject "LoBeat" */ = {
			isa = XCConfigurationList;
			buildConfigurations = (
				02B42D63223AE28100E626AE /* Debug */,
				02B42D64223AE28100E626AE /* Release */,
			);
			defaultConfigurationIsVisible = 0;
			defaultConfigurationName = Release;
		};
		02B42D65223AE28100E626AE /* Build configuration list for PBXNativeTarget "LoBeat" */ = {
			isa = XCConfigurationList;
			buildConfigurations = (
				02B42D66223AE28100E626AE /* Debug */,
				02B42D67223AE28100E626AE /* Release */,
			);
			defaultConfigurationIsVisible = 0;
			defaultConfigurationName = Release;
		};
/* End XCConfigurationList section */
	};
	rootObject = 02B42D4B223AE28100E626AE /* Project object */;
}
